// !$*UTF8*$!
{
	archiveVersion = 1;
	classes = {
	};
	objectVersion = 46;
	objects = {

/* Begin PBXBuildFile section */
		393D58CC1871DF2A0035CBD4 /* CoreData.framework in Frameworks */ = {isa = PBXBuildFile; fileRef = 393D58CB1871DF2A0035CBD4 /* CoreData.framework */; };
		3986DD61191736490055B314 /* Entypo.otf in Resources */ = {isa = PBXBuildFile; fileRef = 3986DCF4191736490055B314 /* Entypo.otf */; };
		3986DD62191736490055B314 /* OpenSans-Bold.ttf in Resources */ = {isa = PBXBuildFile; fileRef = 3986DCF5191736490055B314 /* OpenSans-Bold.ttf */; };
		3986DD63191736490055B314 /* OpenSans-Italic.ttf in Resources */ = {isa = PBXBuildFile; fileRef = 3986DCF6191736490055B314 /* OpenSans-Italic.ttf */; };
		3986DD64191736490055B314 /* OpenSans-Light.ttf in Resources */ = {isa = PBXBuildFile; fileRef = 3986DCF7191736490055B314 /* OpenSans-Light.ttf */; };
		3986DD65191736490055B314 /* OpenSans-Regular.ttf in Resources */ = {isa = PBXBuildFile; fileRef = 3986DCF8191736490055B314 /* OpenSans-Regular.ttf */; };
		3986DD66191736490055B314 /* OpenSans-Semibold.ttf in Resources */ = {isa = PBXBuildFile; fileRef = 3986DCF9191736490055B314 /* OpenSans-Semibold.ttf */; };
		3986DD67191736490055B314 /* Quicksand-Bold.otf in Resources */ = {isa = PBXBuildFile; fileRef = 3986DCFA191736490055B314 /* Quicksand-Bold.otf */; };
		3986DD68191736490055B314 /* Quicksand-BoldItalic.otf in Resources */ = {isa = PBXBuildFile; fileRef = 3986DCFB191736490055B314 /* Quicksand-BoldItalic.otf */; };
		3986DD69191736490055B314 /* Quicksand-Italic.otf in Resources */ = {isa = PBXBuildFile; fileRef = 3986DCFC191736490055B314 /* Quicksand-Italic.otf */; };
		3986DD6A191736490055B314 /* Quicksand-Light.otf in Resources */ = {isa = PBXBuildFile; fileRef = 3986DCFD191736490055B314 /* Quicksand-Light.otf */; };
		3986DD6B191736490055B314 /* Quicksand-LightItalic.otf in Resources */ = {isa = PBXBuildFile; fileRef = 3986DCFE191736490055B314 /* Quicksand-LightItalic.otf */; };
		3986DD6C191736490055B314 /* Quicksand-Regular.otf in Resources */ = {isa = PBXBuildFile; fileRef = 3986DCFF191736490055B314 /* Quicksand-Regular.otf */; };
		3986DD6D191736490055B314 /* Signika-Bold.otf in Resources */ = {isa = PBXBuildFile; fileRef = 3986DD00191736490055B314 /* Signika-Bold.otf */; };
		3986DD6E191736490055B314 /* Signika-Light.otf in Resources */ = {isa = PBXBuildFile; fileRef = 3986DD01191736490055B314 /* Signika-Light.otf */; };
		3986DD6F191736490055B314 /* Signika-Regular.otf in Resources */ = {isa = PBXBuildFile; fileRef = 3986DD02191736490055B314 /* Signika-Regular.otf */; };
		3986DD70191736490055B314 /* Signika-Semibold.otf in Resources */ = {isa = PBXBuildFile; fileRef = 3986DD03191736490055B314 /* Signika-Semibold.otf */; };
		3986DD71191736490055B314 /* 151539447_Facebook_no_profile_picture_icon_620x389.jpeg in Resources */ = {isa = PBXBuildFile; fileRef = 3986DD05191736490055B314 /* 151539447_Facebook_no_profile_picture_icon_620x389.jpeg */; };
		3986DD72191736490055B314 /* cog.png in Resources */ = {isa = PBXBuildFile; fileRef = 3986DD06191736490055B314 /* cog.png */; };
		3986DD73191736490055B314 /* drawerButton.png in Resources */ = {isa = PBXBuildFile; fileRef = 3986DD07191736490055B314 /* drawerButton.png */; };
		3986DD74191736490055B314 /* duomo.jpg in Resources */ = {isa = PBXBuildFile; fileRef = 3986DD08191736490055B314 /* duomo.jpg */; };
		3986DD75191736490055B314 /* duomo.psd in Resources */ = {isa = PBXBuildFile; fileRef = 3986DD09191736490055B314 /* duomo.psd */; };
		3986DD76191736490055B314 /* googleLogo.jpg in Resources */ = {isa = PBXBuildFile; fileRef = 3986DD0A191736490055B314 /* googleLogo.jpg */; };
		3986DD77191736490055B314 /* googleLogo.png in Resources */ = {isa = PBXBuildFile; fileRef = 3986DD0B191736490055B314 /* googleLogo.png */; };
		3986DD78191736490055B314 /* heartButton.png in Resources */ = {isa = PBXBuildFile; fileRef = 3986DD0C191736490055B314 /* heartButton.png */; };
		3986DD79191736490055B314 /* icon22.jpg in Resources */ = {isa = PBXBuildFile; fileRef = 3986DD0D191736490055B314 /* icon22.jpg */; };
		3986DD7A191736490055B314 /* iconTransparent.png in Resources */ = {isa = PBXBuildFile; fileRef = 3986DD0E191736490055B314 /* iconTransparent.png */; };
		3986DD7B191736490055B314 /* infoButton.png in Resources */ = {isa = PBXBuildFile; fileRef = 3986DD0F191736490055B314 /* infoButton.png */; };
		3986DD7C191736490055B314 /* loginCheckMark.png in Resources */ = {isa = PBXBuildFile; fileRef = 3986DD10191736490055B314 /* loginCheckMark.png */; };
		3986DD7D191736490055B314 /* Photo-Video-Stack-of-photos-icon.png in Resources */ = {isa = PBXBuildFile; fileRef = 3986DD11191736490055B314 /* Photo-Video-Stack-of-photos-icon.png */; };
		3986DD7E191736490055B314 /* ProfIcon.png in Resources */ = {isa = PBXBuildFile; fileRef = 3986DD12191736490055B314 /* ProfIcon.png */; };
		3986DD7F191736490055B314 /* shuffleIcon.png in Resources */ = {isa = PBXBuildFile; fileRef = 3986DD13191736490055B314 /* shuffleIcon.png */; };
		3986DD80191736490055B314 /* thin-444_layers-512.png in Resources */ = {isa = PBXBuildFile; fileRef = 3986DD14191736490055B314 /* thin-444_layers-512.png */; };
		3986DD81191736490055B314 /* x_icon copy.png in Resources */ = {isa = PBXBuildFile; fileRef = 3986DD15191736490055B314 /* x_icon copy.png */; };
		3986DD82191736490055B314 /* x_icon.png in Resources */ = {isa = PBXBuildFile; fileRef = 3986DD16191736490055B314 /* x_icon.png */; };
		3986DD83191736490055B314 /* xButton.png in Resources */ = {isa = PBXBuildFile; fileRef = 3986DD17191736490055B314 /* xButton.png */; };
		3986DD84191736490055B314 /* Images.xcassets in Resources */ = {isa = PBXBuildFile; fileRef = 3986DD18191736490055B314 /* Images.xcassets */; };
		3986DD86191736490055B314 /* CenterViewController.xib in Resources */ = {isa = PBXBuildFile; fileRef = 3986DD1D191736490055B314 /* CenterViewController.xib */; };
		3986DD87191736490055B314 /* ControllerMethods.m in Sources */ = {isa = PBXBuildFile; fileRef = 3986DD20191736490055B314 /* ControllerMethods.m */; };
		3986DD88191736490055B314 /* JobCell.m in Sources */ = {isa = PBXBuildFile; fileRef = 3986DD23191736490055B314 /* JobCell.m */; };
		3986DD89191736490055B314 /* ProfileCellView.m in Sources */ = {isa = PBXBuildFile; fileRef = 3986DD25191736490055B314 /* ProfileCellView.m */; };
		3986DD8A191736490055B314 /* ProfileTableView.m in Sources */ = {isa = PBXBuildFile; fileRef = 3986DD27191736490055B314 /* ProfileTableView.m */; };
		3986DD8C191736490055B314 /* main.m in Sources */ = {isa = PBXBuildFile; fileRef = 3986DD2B191736490055B314 /* main.m */; };
		3986DD8E191736490055B314 /* JobNode.m in Sources */ = {isa = PBXBuildFile; fileRef = 3986DD31191736490055B314 /* JobNode.m */; };
		3986DD8F191736490055B314 /* JobLocation.m in Sources */ = {isa = PBXBuildFile; fileRef = 3986DD34191736490055B314 /* JobLocation.m */; };
		3986DD90191736490055B314 /* Model.m in Sources */ = {isa = PBXBuildFile; fileRef = 3986DD36191736490055B314 /* Model.m */; };
		3986DD91191736490055B314 /* Messenger.m in Sources */ = {isa = PBXBuildFile; fileRef = 3986DD39191736490055B314 /* Messenger.m */; };
		3986DD92191736490055B314 /* SearchProfile.m in Sources */ = {isa = PBXBuildFile; fileRef = 3986DD3C191736490055B314 /* SearchProfile.m */; };
		3986DD94191736490055B314 /* InfoPlist.strings in Resources */ = {isa = PBXBuildFile; fileRef = 3986DD40191736490055B314 /* InfoPlist.strings */; };
		3986DD95191736490055B314 /* LoginViewController.m in Sources */ = {isa = PBXBuildFile; fileRef = 3986DD45191736490055B314 /* LoginViewController.m */; };
		3986DD96191736490055B314 /* CardOneMainViewController.m in Sources */ = {isa = PBXBuildFile; fileRef = 3986DD4B191736490055B314 /* CardOneMainViewController.m */; };
		3986DD97191736490055B314 /* CardOneViewController.m in Sources */ = {isa = PBXBuildFile; fileRef = 3986DD4D191736490055B314 /* CardOneViewController.m */; };
		3986DD98191736490055B314 /* CardTwoMainViewController.m in Sources */ = {isa = PBXBuildFile; fileRef = 3986DD4F191736490055B314 /* CardTwoMainViewController.m */; };
		3986DD99191736490055B314 /* CardTwoViewController.m in Sources */ = {isa = PBXBuildFile; fileRef = 3986DD51191736490055B314 /* CardTwoViewController.m */; };
		3986DD9A191736490055B314 /* CardWebViewController.m in Sources */ = {isa = PBXBuildFile; fileRef = 3986DD53191736490055B314 /* CardWebViewController.m */; };
		3986DD9B191736490055B314 /* MainViewController.m in Sources */ = {isa = PBXBuildFile; fileRef = 3986DD55191736490055B314 /* MainViewController.m */; };
		3986DD9C191736490055B314 /* MatchTableViewController.m in Sources */ = {isa = PBXBuildFile; fileRef = 3986DD59191736490055B314 /* MatchTableViewController.m */; };
		3986DD9D191736490055B314 /* AddProfileViewController.m in Sources */ = {isa = PBXBuildFile; fileRef = 3986DD5C191736490055B314 /* AddProfileViewController.m */; };
		3986DD9E191736490055B314 /* ProfileSelectorViewController.m in Sources */ = {isa = PBXBuildFile; fileRef = 3986DD5E191736490055B314 /* ProfileSelectorViewController.m */; };
		3986DD9F191736490055B314 /* ProfilesTableController.m in Sources */ = {isa = PBXBuildFile; fileRef = 3986DD60191736490055B314 /* ProfilesTableController.m */; };
		3986DDA1191736A70055B314 /* Login.storyboard in Resources */ = {isa = PBXBuildFile; fileRef = 3986DDA0191736A70055B314 /* Login.storyboard */; };
		398B570E1917464A00676E49 /* Jobbie-Prefix.pch in Resources */ = {isa = PBXBuildFile; fileRef = 3986DD2A191736490055B314 /* Jobbie-Prefix.pch */; };
		398B570F1917465300676E49 /* main.m in Resources */ = {isa = PBXBuildFile; fileRef = 3986DD2B191736490055B314 /* main.m */; };
		39904C4118DE794200CE9C59 /* SystemConfiguration.framework in Frameworks */ = {isa = PBXBuildFile; fileRef = 39904C4018DE794200CE9C59 /* SystemConfiguration.framework */; };
		399FF7391917491F00FCB4F5 /* AppDelegate.m in Sources */ = {isa = PBXBuildFile; fileRef = 399FF7381917491F00FCB4F5 /* AppDelegate.m */; };
		399FF73E191749F400FCB4F5 /* Jobbie-Info.plist in Resources */ = {isa = PBXBuildFile; fileRef = 399FF73D191749F400FCB4F5 /* Jobbie-Info.plist */; };
		399FF74219189A1D00FCB4F5 /* JobbieCommon.m in Sources */ = {isa = PBXBuildFile; fileRef = 399FF74119189A1D00FCB4F5 /* JobbieCommon.m */; };
		399FF74519189B9200FCB4F5 /* JobbieContext.m in Sources */ = {isa = PBXBuildFile; fileRef = 399FF74419189B9200FCB4F5 /* JobbieContext.m */; };
		399FF74819189D2A00FCB4F5 /* User.m in Sources */ = {isa = PBXBuildFile; fileRef = 399FF74719189D2A00FCB4F5 /* User.m */; };
		399FF74B1919E06C00FCB4F5 /* JobbieAlert.m in Sources */ = {isa = PBXBuildFile; fileRef = 399FF74A1919E06C00FCB4F5 /* JobbieAlert.m */; };
		39C42BD1183804BF000DFA1A /* Foundation.framework in Frameworks */ = {isa = PBXBuildFile; fileRef = 39C42BD0183804BF000DFA1A /* Foundation.framework */; };
		39C42BD3183804BF000DFA1A /* CoreGraphics.framework in Frameworks */ = {isa = PBXBuildFile; fileRef = 39C42BD2183804BF000DFA1A /* CoreGraphics.framework */; };
		39C42BD5183804BF000DFA1A /* UIKit.framework in Frameworks */ = {isa = PBXBuildFile; fileRef = 39C42BD4183804BF000DFA1A /* UIKit.framework */; };
		39C42BF3183804BF000DFA1A /* XCTest.framework in Frameworks */ = {isa = PBXBuildFile; fileRef = 39C42BF2183804BF000DFA1A /* XCTest.framework */; };
		39C42BF4183804BF000DFA1A /* Foundation.framework in Frameworks */ = {isa = PBXBuildFile; fileRef = 39C42BD0183804BF000DFA1A /* Foundation.framework */; };
		39C42BF5183804BF000DFA1A /* UIKit.framework in Frameworks */ = {isa = PBXBuildFile; fileRef = 39C42BD4183804BF000DFA1A /* UIKit.framework */; };
		39C42BFD183804BF000DFA1A /* InfoPlist.strings in Resources */ = {isa = PBXBuildFile; fileRef = 39C42BFB183804BF000DFA1A /* InfoPlist.strings */; };
		39C42BFF183804BF000DFA1A /* JobbieTests.m in Sources */ = {isa = PBXBuildFile; fileRef = 39C42BFE183804BF000DFA1A /* JobbieTests.m */; };
		42893EA57616417E89AAF897 /* libPods.a in Frameworks */ = {isa = PBXBuildFile; fileRef = 217A62978DDB425FA96DC3A8 /* libPods.a */; };
/* End PBXBuildFile section */

/* Begin PBXContainerItemProxy section */
		39C42BF6183804BF000DFA1A /* PBXContainerItemProxy */ = {
			isa = PBXContainerItemProxy;
			containerPortal = 39C42BC5183804BF000DFA1A /* Project object */;
			proxyType = 1;
			remoteGlobalIDString = 39C42BCC183804BF000DFA1A;
			remoteInfo = Jobbie;
		};
/* End PBXContainerItemProxy section */

/* Begin PBXFileReference section */
		217A62978DDB425FA96DC3A8 /* libPods.a */ = {isa = PBXFileReference; explicitFileType = archive.ar; includeInIndex = 0; path = libPods.a; sourceTree = BUILT_PRODUCTS_DIR; };
		393D58CB1871DF2A0035CBD4 /* CoreData.framework */ = {isa = PBXFileReference; lastKnownFileType = wrapper.framework; name = CoreData.framework; path = System/Library/Frameworks/CoreData.framework; sourceTree = SDKROOT; };
		3986DCF4191736490055B314 /* Entypo.otf */ = {isa = PBXFileReference; lastKnownFileType = file; path = Entypo.otf; sourceTree = "<group>"; };
		3986DCF5191736490055B314 /* OpenSans-Bold.ttf */ = {isa = PBXFileReference; lastKnownFileType = file; path = "OpenSans-Bold.ttf"; sourceTree = "<group>"; };
		3986DCF6191736490055B314 /* OpenSans-Italic.ttf */ = {isa = PBXFileReference; lastKnownFileType = file; path = "OpenSans-Italic.ttf"; sourceTree = "<group>"; };
		3986DCF7191736490055B314 /* OpenSans-Light.ttf */ = {isa = PBXFileReference; lastKnownFileType = file; path = "OpenSans-Light.ttf"; sourceTree = "<group>"; };
		3986DCF8191736490055B314 /* OpenSans-Regular.ttf */ = {isa = PBXFileReference; lastKnownFileType = file; path = "OpenSans-Regular.ttf"; sourceTree = "<group>"; };
		3986DCF9191736490055B314 /* OpenSans-Semibold.ttf */ = {isa = PBXFileReference; lastKnownFileType = file; path = "OpenSans-Semibold.ttf"; sourceTree = "<group>"; };
		3986DCFA191736490055B314 /* Quicksand-Bold.otf */ = {isa = PBXFileReference; lastKnownFileType = file; path = "Quicksand-Bold.otf"; sourceTree = "<group>"; };
		3986DCFB191736490055B314 /* Quicksand-BoldItalic.otf */ = {isa = PBXFileReference; lastKnownFileType = file; path = "Quicksand-BoldItalic.otf"; sourceTree = "<group>"; };
		3986DCFC191736490055B314 /* Quicksand-Italic.otf */ = {isa = PBXFileReference; lastKnownFileType = file; path = "Quicksand-Italic.otf"; sourceTree = "<group>"; };
		3986DCFD191736490055B314 /* Quicksand-Light.otf */ = {isa = PBXFileReference; lastKnownFileType = file; path = "Quicksand-Light.otf"; sourceTree = "<group>"; };
		3986DCFE191736490055B314 /* Quicksand-LightItalic.otf */ = {isa = PBXFileReference; lastKnownFileType = file; path = "Quicksand-LightItalic.otf"; sourceTree = "<group>"; };
		3986DCFF191736490055B314 /* Quicksand-Regular.otf */ = {isa = PBXFileReference; lastKnownFileType = file; path = "Quicksand-Regular.otf"; sourceTree = "<group>"; };
		3986DD00191736490055B314 /* Signika-Bold.otf */ = {isa = PBXFileReference; lastKnownFileType = file; path = "Signika-Bold.otf"; sourceTree = "<group>"; };
		3986DD01191736490055B314 /* Signika-Light.otf */ = {isa = PBXFileReference; lastKnownFileType = file; path = "Signika-Light.otf"; sourceTree = "<group>"; };
		3986DD02191736490055B314 /* Signika-Regular.otf */ = {isa = PBXFileReference; lastKnownFileType = file; path = "Signika-Regular.otf"; sourceTree = "<group>"; };
		3986DD03191736490055B314 /* Signika-Semibold.otf */ = {isa = PBXFileReference; lastKnownFileType = file; path = "Signika-Semibold.otf"; sourceTree = "<group>"; };
		3986DD05191736490055B314 /* 151539447_Facebook_no_profile_picture_icon_620x389.jpeg */ = {isa = PBXFileReference; lastKnownFileType = image.jpeg; path = 151539447_Facebook_no_profile_picture_icon_620x389.jpeg; sourceTree = "<group>"; };
		3986DD06191736490055B314 /* cog.png */ = {isa = PBXFileReference; lastKnownFileType = image.png; path = cog.png; sourceTree = "<group>"; };
		3986DD07191736490055B314 /* drawerButton.png */ = {isa = PBXFileReference; lastKnownFileType = image.png; path = drawerButton.png; sourceTree = "<group>"; };
		3986DD08191736490055B314 /* duomo.jpg */ = {isa = PBXFileReference; lastKnownFileType = image.jpeg; path = duomo.jpg; sourceTree = "<group>"; };
		3986DD09191736490055B314 /* duomo.psd */ = {isa = PBXFileReference; lastKnownFileType = file; path = duomo.psd; sourceTree = "<group>"; };
		3986DD0A191736490055B314 /* googleLogo.jpg */ = {isa = PBXFileReference; lastKnownFileType = image.jpeg; path = googleLogo.jpg; sourceTree = "<group>"; };
		3986DD0B191736490055B314 /* googleLogo.png */ = {isa = PBXFileReference; lastKnownFileType = image.png; path = googleLogo.png; sourceTree = "<group>"; };
		3986DD0C191736490055B314 /* heartButton.png */ = {isa = PBXFileReference; lastKnownFileType = image.png; path = heartButton.png; sourceTree = "<group>"; };
		3986DD0D191736490055B314 /* icon22.jpg */ = {isa = PBXFileReference; lastKnownFileType = image.jpeg; path = icon22.jpg; sourceTree = "<group>"; };
		3986DD0E191736490055B314 /* iconTransparent.png */ = {isa = PBXFileReference; lastKnownFileType = image.png; path = iconTransparent.png; sourceTree = "<group>"; };
		3986DD0F191736490055B314 /* infoButton.png */ = {isa = PBXFileReference; lastKnownFileType = image.png; path = infoButton.png; sourceTree = "<group>"; };
		3986DD10191736490055B314 /* loginCheckMark.png */ = {isa = PBXFileReference; lastKnownFileType = image.png; path = loginCheckMark.png; sourceTree = "<group>"; };
		3986DD11191736490055B314 /* Photo-Video-Stack-of-photos-icon.png */ = {isa = PBXFileReference; lastKnownFileType = image.png; path = "Photo-Video-Stack-of-photos-icon.png"; sourceTree = "<group>"; };
		3986DD12191736490055B314 /* ProfIcon.png */ = {isa = PBXFileReference; lastKnownFileType = image.png; path = ProfIcon.png; sourceTree = "<group>"; };
		3986DD13191736490055B314 /* shuffleIcon.png */ = {isa = PBXFileReference; lastKnownFileType = image.png; path = shuffleIcon.png; sourceTree = "<group>"; };
		3986DD14191736490055B314 /* thin-444_layers-512.png */ = {isa = PBXFileReference; lastKnownFileType = image.png; path = "thin-444_layers-512.png"; sourceTree = "<group>"; };
		3986DD15191736490055B314 /* x_icon copy.png */ = {isa = PBXFileReference; lastKnownFileType = image.png; path = "x_icon copy.png"; sourceTree = "<group>"; };
		3986DD16191736490055B314 /* x_icon.png */ = {isa = PBXFileReference; lastKnownFileType = image.png; path = x_icon.png; sourceTree = "<group>"; };
		3986DD17191736490055B314 /* xButton.png */ = {isa = PBXFileReference; lastKnownFileType = image.png; path = xButton.png; sourceTree = "<group>"; };
		3986DD18191736490055B314 /* Images.xcassets */ = {isa = PBXFileReference; lastKnownFileType = folder.assetcatalog; path = Images.xcassets; sourceTree = "<group>"; };
		3986DD1B191736490055B314 /* Base */ = {isa = PBXFileReference; lastKnownFileType = file.storyboard; name = Base; path = Main_iPhone.storyboard; sourceTree = "<group>"; };
		3986DD1D191736490055B314 /* CenterViewController.xib */ = {isa = PBXFileReference; fileEncoding = 4; lastKnownFileType = file.xib; path = CenterViewController.xib; sourceTree = "<group>"; };
		3986DD1F191736490055B314 /* ControllerMethods.h */ = {isa = PBXFileReference; fileEncoding = 4; lastKnownFileType = sourcecode.c.h; path = ControllerMethods.h; sourceTree = "<group>"; };
		3986DD20191736490055B314 /* ControllerMethods.m */ = {isa = PBXFileReference; fileEncoding = 4; lastKnownFileType = sourcecode.c.objc; path = ControllerMethods.m; sourceTree = "<group>"; };
		3986DD22191736490055B314 /* JobCell.h */ = {isa = PBXFileReference; fileEncoding = 4; lastKnownFileType = sourcecode.c.h; path = JobCell.h; sourceTree = "<group>"; };
		3986DD23191736490055B314 /* JobCell.m */ = {isa = PBXFileReference; fileEncoding = 4; lastKnownFileType = sourcecode.c.objc; path = JobCell.m; sourceTree = "<group>"; };
		3986DD24191736490055B314 /* ProfileCellView.h */ = {isa = PBXFileReference; fileEncoding = 4; lastKnownFileType = sourcecode.c.h; path = ProfileCellView.h; sourceTree = "<group>"; };
		3986DD25191736490055B314 /* ProfileCellView.m */ = {isa = PBXFileReference; fileEncoding = 4; lastKnownFileType = sourcecode.c.objc; path = ProfileCellView.m; sourceTree = "<group>"; };
		3986DD26191736490055B314 /* ProfileTableView.h */ = {isa = PBXFileReference; fileEncoding = 4; lastKnownFileType = sourcecode.c.h; path = ProfileTableView.h; sourceTree = "<group>"; };
		3986DD27191736490055B314 /* ProfileTableView.m */ = {isa = PBXFileReference; fileEncoding = 4; lastKnownFileType = sourcecode.c.objc; path = ProfileTableView.m; sourceTree = "<group>"; };
		3986DD2A191736490055B314 /* Jobbie-Prefix.pch */ = {isa = PBXFileReference; fileEncoding = 4; lastKnownFileType = sourcecode.c.h; path = "Jobbie-Prefix.pch"; sourceTree = "<group>"; };
		3986DD2B191736490055B314 /* main.m */ = {isa = PBXFileReference; fileEncoding = 4; lastKnownFileType = sourcecode.c.objc; path = main.m; sourceTree = "<group>"; };
		3986DD30191736490055B314 /* JobNode.h */ = {isa = PBXFileReference; fileEncoding = 4; lastKnownFileType = sourcecode.c.h; path = JobNode.h; sourceTree = "<group>"; };
		3986DD31191736490055B314 /* JobNode.m */ = {isa = PBXFileReference; fileEncoding = 4; lastKnownFileType = sourcecode.c.objc; path = JobNode.m; sourceTree = "<group>"; };
		3986DD33191736490055B314 /* JobLocation.h */ = {isa = PBXFileReference; fileEncoding = 4; lastKnownFileType = sourcecode.c.h; path = JobLocation.h; sourceTree = "<group>"; };
		3986DD34191736490055B314 /* JobLocation.m */ = {isa = PBXFileReference; fileEncoding = 4; lastKnownFileType = sourcecode.c.objc; path = JobLocation.m; sourceTree = "<group>"; };
		3986DD35191736490055B314 /* Model.h */ = {isa = PBXFileReference; fileEncoding = 4; lastKnownFileType = sourcecode.c.h; path = Model.h; sourceTree = "<group>"; };
		3986DD36191736490055B314 /* Model.m */ = {isa = PBXFileReference; fileEncoding = 4; lastKnownFileType = sourcecode.c.objc; path = Model.m; sourceTree = "<group>"; };
		3986DD38191736490055B314 /* Messenger.h */ = {isa = PBXFileReference; fileEncoding = 4; lastKnownFileType = sourcecode.c.h; path = Messenger.h; sourceTree = "<group>"; };
		3986DD39191736490055B314 /* Messenger.m */ = {isa = PBXFileReference; fileEncoding = 4; lastKnownFileType = sourcecode.c.objc; path = Messenger.m; sourceTree = "<group>"; };
		3986DD3B191736490055B314 /* SearchProfile.h */ = {isa = PBXFileReference; fileEncoding = 4; lastKnownFileType = sourcecode.c.h; path = SearchProfile.h; sourceTree = "<group>"; };
		3986DD3C191736490055B314 /* SearchProfile.m */ = {isa = PBXFileReference; fileEncoding = 4; lastKnownFileType = sourcecode.c.objc; path = SearchProfile.m; sourceTree = "<group>"; };
		3986DD41191736490055B314 /* en */ = {isa = PBXFileReference; lastKnownFileType = text.plist.strings; name = en; path = en.lproj/InfoPlist.strings; sourceTree = "<group>"; };
		3986DD44191736490055B314 /* LoginViewController.h */ = {isa = PBXFileReference; fileEncoding = 4; lastKnownFileType = sourcecode.c.h; path = LoginViewController.h; sourceTree = "<group>"; };
		3986DD45191736490055B314 /* LoginViewController.m */ = {isa = PBXFileReference; fileEncoding = 4; lastKnownFileType = sourcecode.c.objc; path = LoginViewController.m; sourceTree = "<group>"; };
		3986DD4A191736490055B314 /* CardOneMainViewController.h */ = {isa = PBXFileReference; fileEncoding = 4; lastKnownFileType = sourcecode.c.h; path = CardOneMainViewController.h; sourceTree = "<group>"; };
		3986DD4B191736490055B314 /* CardOneMainViewController.m */ = {isa = PBXFileReference; fileEncoding = 4; lastKnownFileType = sourcecode.c.objc; path = CardOneMainViewController.m; sourceTree = "<group>"; };
		3986DD4C191736490055B314 /* CardOneViewController.h */ = {isa = PBXFileReference; fileEncoding = 4; lastKnownFileType = sourcecode.c.h; path = CardOneViewController.h; sourceTree = "<group>"; };
		3986DD4D191736490055B314 /* CardOneViewController.m */ = {isa = PBXFileReference; fileEncoding = 4; lastKnownFileType = sourcecode.c.objc; path = CardOneViewController.m; sourceTree = "<group>"; };
		3986DD4E191736490055B314 /* CardTwoMainViewController.h */ = {isa = PBXFileReference; fileEncoding = 4; lastKnownFileType = sourcecode.c.h; path = CardTwoMainViewController.h; sourceTree = "<group>"; };
		3986DD4F191736490055B314 /* CardTwoMainViewController.m */ = {isa = PBXFileReference; fileEncoding = 4; lastKnownFileType = sourcecode.c.objc; path = CardTwoMainViewController.m; sourceTree = "<group>"; };
		3986DD50191736490055B314 /* CardTwoViewController.h */ = {isa = PBXFileReference; fileEncoding = 4; lastKnownFileType = sourcecode.c.h; path = CardTwoViewController.h; sourceTree = "<group>"; };
		3986DD51191736490055B314 /* CardTwoViewController.m */ = {isa = PBXFileReference; fileEncoding = 4; lastKnownFileType = sourcecode.c.objc; path = CardTwoViewController.m; sourceTree = "<group>"; };
		3986DD52191736490055B314 /* CardWebViewController.h */ = {isa = PBXFileReference; fileEncoding = 4; lastKnownFileType = sourcecode.c.h; path = CardWebViewController.h; sourceTree = "<group>"; };
		3986DD53191736490055B314 /* CardWebViewController.m */ = {isa = PBXFileReference; fileEncoding = 4; lastKnownFileType = sourcecode.c.objc; path = CardWebViewController.m; sourceTree = "<group>"; };
		3986DD54191736490055B314 /* MainViewController.h */ = {isa = PBXFileReference; fileEncoding = 4; lastKnownFileType = sourcecode.c.h; path = MainViewController.h; sourceTree = "<group>"; };
		3986DD55191736490055B314 /* MainViewController.m */ = {isa = PBXFileReference; fileEncoding = 4; lastKnownFileType = sourcecode.c.objc; path = MainViewController.m; sourceTree = "<group>"; };
		3986DD58191736490055B314 /* MatchTableViewController.h */ = {isa = PBXFileReference; fileEncoding = 4; lastKnownFileType = sourcecode.c.h; path = MatchTableViewController.h; sourceTree = "<group>"; };
		3986DD59191736490055B314 /* MatchTableViewController.m */ = {isa = PBXFileReference; fileEncoding = 4; lastKnownFileType = sourcecode.c.objc; path = MatchTableViewController.m; sourceTree = "<group>"; };
		3986DD5B191736490055B314 /* AddProfileViewController.h */ = {isa = PBXFileReference; fileEncoding = 4; lastKnownFileType = sourcecode.c.h; path = AddProfileViewController.h; sourceTree = "<group>"; };
		3986DD5C191736490055B314 /* AddProfileViewController.m */ = {isa = PBXFileReference; fileEncoding = 4; lastKnownFileType = sourcecode.c.objc; path = AddProfileViewController.m; sourceTree = "<group>"; };
		3986DD5D191736490055B314 /* ProfileSelectorViewController.h */ = {isa = PBXFileReference; fileEncoding = 4; lastKnownFileType = sourcecode.c.h; path = ProfileSelectorViewController.h; sourceTree = "<group>"; };
		3986DD5E191736490055B314 /* ProfileSelectorViewController.m */ = {isa = PBXFileReference; fileEncoding = 4; lastKnownFileType = sourcecode.c.objc; path = ProfileSelectorViewController.m; sourceTree = "<group>"; };
		3986DD5F191736490055B314 /* ProfilesTableController.h */ = {isa = PBXFileReference; fileEncoding = 4; lastKnownFileType = sourcecode.c.h; path = ProfilesTableController.h; sourceTree = "<group>"; };
		3986DD60191736490055B314 /* ProfilesTableController.m */ = {isa = PBXFileReference; fileEncoding = 4; lastKnownFileType = sourcecode.c.objc; path = ProfilesTableController.m; sourceTree = "<group>"; };
		3986DDA0191736A70055B314 /* Login.storyboard */ = {isa = PBXFileReference; fileEncoding = 4; lastKnownFileType = file.storyboard; path = Login.storyboard; sourceTree = "<group>"; };
		398DAD9A19173F66004C9973 /* libPods.a */ = {isa = PBXFileReference; lastKnownFileType = archive.ar; name = libPods.a; path = "Pods/build/Debug-iphoneos/libPods.a"; sourceTree = "<group>"; };
		39904C4018DE794200CE9C59 /* SystemConfiguration.framework */ = {isa = PBXFileReference; lastKnownFileType = wrapper.framework; name = SystemConfiguration.framework; path = System/Library/Frameworks/SystemConfiguration.framework; sourceTree = SDKROOT; };
		39904C4218DE7A5300CE9C59 /* libPods-Canvas.a */ = {isa = PBXFileReference; lastKnownFileType = archive.ar; name = "libPods-Canvas.a"; path = "Pods/build/Debug-iphoneos/libPods-Canvas.a"; sourceTree = "<group>"; };
		39904C4318DE7A5300CE9C59 /* libPods-Reachability.a */ = {isa = PBXFileReference; lastKnownFileType = archive.ar; name = "libPods-Reachability.a"; path = "Pods/build/Debug-iphoneos/libPods-Reachability.a"; sourceTree = "<group>"; };
		399FF7371917491F00FCB4F5 /* AppDelegate.h */ = {isa = PBXFileReference; fileEncoding = 4; lastKnownFileType = sourcecode.c.h; path = AppDelegate.h; sourceTree = "<group>"; };
		399FF7381917491F00FCB4F5 /* AppDelegate.m */ = {isa = PBXFileReference; fileEncoding = 4; lastKnownFileType = sourcecode.c.objc; path = AppDelegate.m; sourceTree = "<group>"; };
		399FF73D191749F400FCB4F5 /* Jobbie-Info.plist */ = {isa = PBXFileReference; fileEncoding = 4; lastKnownFileType = text.plist.xml; path = "Jobbie-Info.plist"; sourceTree = "<group>"; };
		399FF74019189A1D00FCB4F5 /* JobbieCommon.h */ = {isa = PBXFileReference; fileEncoding = 4; lastKnownFileType = sourcecode.c.h; path = JobbieCommon.h; sourceTree = "<group>"; };
		399FF74119189A1D00FCB4F5 /* JobbieCommon.m */ = {isa = PBXFileReference; fileEncoding = 4; lastKnownFileType = sourcecode.c.objc; path = JobbieCommon.m; sourceTree = "<group>"; };
		399FF74319189B9200FCB4F5 /* JobbieContext.h */ = {isa = PBXFileReference; fileEncoding = 4; lastKnownFileType = sourcecode.c.h; path = JobbieContext.h; sourceTree = "<group>"; };
		399FF74419189B9200FCB4F5 /* JobbieContext.m */ = {isa = PBXFileReference; fileEncoding = 4; lastKnownFileType = sourcecode.c.objc; path = JobbieContext.m; sourceTree = "<group>"; };
		399FF74619189D2A00FCB4F5 /* User.h */ = {isa = PBXFileReference; fileEncoding = 4; lastKnownFileType = sourcecode.c.h; path = User.h; sourceTree = "<group>"; };
		399FF74719189D2A00FCB4F5 /* User.m */ = {isa = PBXFileReference; fileEncoding = 4; lastKnownFileType = sourcecode.c.objc; path = User.m; sourceTree = "<group>"; };
		399FF7491919E06C00FCB4F5 /* JobbieAlert.h */ = {isa = PBXFileReference; fileEncoding = 4; lastKnownFileType = sourcecode.c.h; path = JobbieAlert.h; sourceTree = "<group>"; };
		399FF74A1919E06C00FCB4F5 /* JobbieAlert.m */ = {isa = PBXFileReference; fileEncoding = 4; lastKnownFileType = sourcecode.c.objc; path = JobbieAlert.m; sourceTree = "<group>"; };
		39C1174D19174101006C876D /* libPods.a */ = {isa = PBXFileReference; lastKnownFileType = archive.ar; name = libPods.a; path = "Pods/build/Debug-iphoneos/libPods.a"; sourceTree = "<group>"; };
		39C117501917426E006C876D /* libPods.a */ = {isa = PBXFileReference; lastKnownFileType = archive.ar; name = libPods.a; path = "Pods/build/Debug-iphoneos/libPods.a"; sourceTree = "<group>"; };
		39C42BCD183804BF000DFA1A /* Jobbie.app */ = {isa = PBXFileReference; explicitFileType = wrapper.application; includeInIndex = 0; path = Jobbie.app; sourceTree = BUILT_PRODUCTS_DIR; };
		39C42BD0183804BF000DFA1A /* Foundation.framework */ = {isa = PBXFileReference; lastKnownFileType = wrapper.framework; name = Foundation.framework; path = System/Library/Frameworks/Foundation.framework; sourceTree = SDKROOT; };
		39C42BD2183804BF000DFA1A /* CoreGraphics.framework */ = {isa = PBXFileReference; lastKnownFileType = wrapper.framework; name = CoreGraphics.framework; path = System/Library/Frameworks/CoreGraphics.framework; sourceTree = SDKROOT; };
		39C42BD4183804BF000DFA1A /* UIKit.framework */ = {isa = PBXFileReference; lastKnownFileType = wrapper.framework; name = UIKit.framework; path = System/Library/Frameworks/UIKit.framework; sourceTree = SDKROOT; };
		39C42BF1183804BF000DFA1A /* JobbieTests.xctest */ = {isa = PBXFileReference; explicitFileType = wrapper.cfbundle; includeInIndex = 0; path = JobbieTests.xctest; sourceTree = BUILT_PRODUCTS_DIR; };
		39C42BF2183804BF000DFA1A /* XCTest.framework */ = {isa = PBXFileReference; lastKnownFileType = wrapper.framework; name = XCTest.framework; path = Library/Frameworks/XCTest.framework; sourceTree = DEVELOPER_DIR; };
		39C42BFA183804BF000DFA1A /* JobbieTests-Info.plist */ = {isa = PBXFileReference; lastKnownFileType = text.plist.xml; path = "JobbieTests-Info.plist"; sourceTree = "<group>"; };
		39C42BFC183804BF000DFA1A /* en */ = {isa = PBXFileReference; lastKnownFileType = text.plist.strings; name = en; path = en.lproj/InfoPlist.strings; sourceTree = "<group>"; };
		39C42BFE183804BF000DFA1A /* JobbieTests.m */ = {isa = PBXFileReference; lastKnownFileType = sourcecode.c.objc; path = JobbieTests.m; sourceTree = "<group>"; };
		C5B81CFAE33D4E298A3C6E9F /* Pods.xcconfig */ = {isa = PBXFileReference; includeInIndex = 1; lastKnownFileType = text.xcconfig; name = Pods.xcconfig; path = Pods/Pods.xcconfig; sourceTree = "<group>"; };
/* End PBXFileReference section */

/* Begin PBXFrameworksBuildPhase section */
		39C42BCA183804BF000DFA1A /* Frameworks */ = {
			isa = PBXFrameworksBuildPhase;
			buildActionMask = 2147483647;
			files = (
				39904C4118DE794200CE9C59 /* SystemConfiguration.framework in Frameworks */,
				393D58CC1871DF2A0035CBD4 /* CoreData.framework in Frameworks */,
				39C42BD3183804BF000DFA1A /* CoreGraphics.framework in Frameworks */,
				39C42BD5183804BF000DFA1A /* UIKit.framework in Frameworks */,
				39C42BD1183804BF000DFA1A /* Foundation.framework in Frameworks */,
				42893EA57616417E89AAF897 /* libPods.a in Frameworks */,
			);
			runOnlyForDeploymentPostprocessing = 0;
		};
		39C42BEE183804BF000DFA1A /* Frameworks */ = {
			isa = PBXFrameworksBuildPhase;
			buildActionMask = 2147483647;
			files = (
				39C42BF3183804BF000DFA1A /* XCTest.framework in Frameworks */,
				39C42BF5183804BF000DFA1A /* UIKit.framework in Frameworks */,
				39C42BF4183804BF000DFA1A /* Foundation.framework in Frameworks */,
			);
			runOnlyForDeploymentPostprocessing = 0;
		};
/* End PBXFrameworksBuildPhase section */

/* Begin PBXGroup section */
		3986DCF11917363C0055B314 /* Jobbie */ = {
			isa = PBXGroup;
			children = (
				399FF73F19189A0900FCB4F5 /* Common */,
				3986DCF2191736490055B314 /* Assets */,
				3986DD19191736490055B314 /* Base.lproj */,
				3986DD1C191736490055B314 /* Classes */,
				3986DD28191736490055B314 /* Config */,
				3986DD2C191736490055B314 /* Logic */,
				3986DD3F191736490055B314 /* Sections */,
			);
			name = Jobbie;
			sourceTree = "<group>";
		};
		3986DCF2191736490055B314 /* Assets */ = {
			isa = PBXGroup;
			children = (
				3986DCF3191736490055B314 /* Fonts */,
				3986DD04191736490055B314 /* images */,
				3986DD18191736490055B314 /* Images.xcassets */,
			);
			name = Assets;
			path = Jobbie/Assets;
			sourceTree = "<group>";
		};
		3986DCF3191736490055B314 /* Fonts */ = {
			isa = PBXGroup;
			children = (
				3986DCF4191736490055B314 /* Entypo.otf */,
				3986DCF5191736490055B314 /* OpenSans-Bold.ttf */,
				3986DCF6191736490055B314 /* OpenSans-Italic.ttf */,
				3986DCF7191736490055B314 /* OpenSans-Light.ttf */,
				3986DCF8191736490055B314 /* OpenSans-Regular.ttf */,
				3986DCF9191736490055B314 /* OpenSans-Semibold.ttf */,
				3986DCFA191736490055B314 /* Quicksand-Bold.otf */,
				3986DCFB191736490055B314 /* Quicksand-BoldItalic.otf */,
				3986DCFC191736490055B314 /* Quicksand-Italic.otf */,
				3986DCFD191736490055B314 /* Quicksand-Light.otf */,
				3986DCFE191736490055B314 /* Quicksand-LightItalic.otf */,
				3986DCFF191736490055B314 /* Quicksand-Regular.otf */,
				3986DD00191736490055B314 /* Signika-Bold.otf */,
				3986DD01191736490055B314 /* Signika-Light.otf */,
				3986DD02191736490055B314 /* Signika-Regular.otf */,
				3986DD03191736490055B314 /* Signika-Semibold.otf */,
			);
			path = Fonts;
			sourceTree = "<group>";
		};
		3986DD04191736490055B314 /* images */ = {
			isa = PBXGroup;
			children = (
				3986DD05191736490055B314 /* 151539447_Facebook_no_profile_picture_icon_620x389.jpeg */,
				3986DD06191736490055B314 /* cog.png */,
				3986DD07191736490055B314 /* drawerButton.png */,
				3986DD08191736490055B314 /* duomo.jpg */,
				3986DD09191736490055B314 /* duomo.psd */,
				3986DD0A191736490055B314 /* googleLogo.jpg */,
				3986DD0B191736490055B314 /* googleLogo.png */,
				3986DD0C191736490055B314 /* heartButton.png */,
				3986DD0D191736490055B314 /* icon22.jpg */,
				3986DD0E191736490055B314 /* iconTransparent.png */,
				3986DD0F191736490055B314 /* infoButton.png */,
				3986DD10191736490055B314 /* loginCheckMark.png */,
				3986DD11191736490055B314 /* Photo-Video-Stack-of-photos-icon.png */,
				3986DD12191736490055B314 /* ProfIcon.png */,
				3986DD13191736490055B314 /* shuffleIcon.png */,
				3986DD14191736490055B314 /* thin-444_layers-512.png */,
				3986DD15191736490055B314 /* x_icon copy.png */,
				3986DD16191736490055B314 /* x_icon.png */,
				3986DD17191736490055B314 /* xButton.png */,
			);
			path = images;
			sourceTree = "<group>";
		};
		3986DD19191736490055B314 /* Base.lproj */ = {
			isa = PBXGroup;
			children = (
				3986DD1A191736490055B314 /* Main_iPhone.storyboard */,
			);
			name = Base.lproj;
			path = Jobbie/Base.lproj;
			sourceTree = "<group>";
		};
		3986DD1C191736490055B314 /* Classes */ = {
			isa = PBXGroup;
			children = (
				3986DD1D191736490055B314 /* CenterViewController.xib */,
				3986DD1E191736490055B314 /* ViewControllers */,
				3986DD21191736490055B314 /* Views */,
			);
			name = Classes;
			path = Jobbie/Classes;
			sourceTree = "<group>";
		};
		3986DD1E191736490055B314 /* ViewControllers */ = {
			isa = PBXGroup;
			children = (
				3986DD1F191736490055B314 /* ControllerMethods.h */,
				3986DD20191736490055B314 /* ControllerMethods.m */,
			);
			path = ViewControllers;
			sourceTree = "<group>";
		};
		3986DD21191736490055B314 /* Views */ = {
			isa = PBXGroup;
			children = (
				3986DD22191736490055B314 /* JobCell.h */,
				3986DD23191736490055B314 /* JobCell.m */,
				3986DD24191736490055B314 /* ProfileCellView.h */,
				3986DD25191736490055B314 /* ProfileCellView.m */,
				3986DD26191736490055B314 /* ProfileTableView.h */,
				3986DD27191736490055B314 /* ProfileTableView.m */,
			);
			path = Views;
			sourceTree = "<group>";
		};
		3986DD28191736490055B314 /* Config */ = {
			isa = PBXGroup;
			children = (
				399FF73D191749F400FCB4F5 /* Jobbie-Info.plist */,
				3986DD2A191736490055B314 /* Jobbie-Prefix.pch */,
				3986DD2B191736490055B314 /* main.m */,
			);
			name = Config;
			path = Jobbie/Config;
			sourceTree = "<group>";
		};
		3986DD2C191736490055B314 /* Logic */ = {
			isa = PBXGroup;
			children = (
				399FF7371917491F00FCB4F5 /* AppDelegate.h */,
				399FF7381917491F00FCB4F5 /* AppDelegate.m */,
				3986DD2F191736490055B314 /* Data */,
				3986DD37191736490055B314 /* Network */,
				3986DD3A191736490055B314 /* User */,
				399FF74319189B9200FCB4F5 /* JobbieContext.h */,
				399FF74419189B9200FCB4F5 /* JobbieContext.m */,
			);
			name = Logic;
			path = Jobbie/Logic;
			sourceTree = "<group>";
		};
		3986DD2F191736490055B314 /* Data */ = {
			isa = PBXGroup;
			children = (
				3986DD30191736490055B314 /* JobNode.h */,
				3986DD31191736490055B314 /* JobNode.m */,
				3986DD32191736490055B314 /* JobNodeClasses */,
				3986DD35191736490055B314 /* Model.h */,
				3986DD36191736490055B314 /* Model.m */,
			);
			path = Data;
			sourceTree = "<group>";
		};
		3986DD32191736490055B314 /* JobNodeClasses */ = {
			isa = PBXGroup;
			children = (
				3986DD33191736490055B314 /* JobLocation.h */,
				3986DD34191736490055B314 /* JobLocation.m */,
			);
			path = JobNodeClasses;
			sourceTree = "<group>";
		};
		3986DD37191736490055B314 /* Network */ = {
			isa = PBXGroup;
			children = (
				3986DD38191736490055B314 /* Messenger.h */,
				3986DD39191736490055B314 /* Messenger.m */,
			);
			path = Network;
			sourceTree = "<group>";
		};
		3986DD3A191736490055B314 /* User */ = {
			isa = PBXGroup;
			children = (
				3986DD3B191736490055B314 /* SearchProfile.h */,
				3986DD3C191736490055B314 /* SearchProfile.m */,
				399FF74619189D2A00FCB4F5 /* User.h */,
				399FF74719189D2A00FCB4F5 /* User.m */,
			);
			path = User;
			sourceTree = "<group>";
		};
		3986DD3F191736490055B314 /* Sections */ = {
			isa = PBXGroup;
			children = (
				3986DD40191736490055B314 /* InfoPlist.strings */,
				3986DD42191736490055B314 /* Login */,
				3986DD48191736490055B314 /* MainView */,
				3986DD56191736490055B314 /* Settings */,
			);
			name = Sections;
			path = Jobbie/Sections;
			sourceTree = "<group>";
		};
		3986DD42191736490055B314 /* Login */ = {
			isa = PBXGroup;
			children = (
				3986DD43191736490055B314 /* Login */,
				3986DD46191736490055B314 /* NewProfile */,
				3986DD47191736490055B314 /* NewUser */,
				3986DDA0191736A70055B314 /* Login.storyboard */,
			);
			path = Login;
			sourceTree = "<group>";
		};
		3986DD43191736490055B314 /* Login */ = {
			isa = PBXGroup;
			children = (
				3986DD44191736490055B314 /* LoginViewController.h */,
				3986DD45191736490055B314 /* LoginViewController.m */,
			);
			path = Login;
			sourceTree = "<group>";
		};
		3986DD46191736490055B314 /* NewProfile */ = {
			isa = PBXGroup;
			children = (
			);
			path = NewProfile;
			sourceTree = "<group>";
		};
		3986DD47191736490055B314 /* NewUser */ = {
			isa = PBXGroup;
			children = (
			);
			path = NewUser;
			sourceTree = "<group>";
		};
		3986DD48191736490055B314 /* MainView */ = {
			isa = PBXGroup;
			children = (
				3986DD49191736490055B314 /* Controllers */,
			);
			path = MainView;
			sourceTree = "<group>";
		};
		3986DD49191736490055B314 /* Controllers */ = {
			isa = PBXGroup;
			children = (
				3986DD4A191736490055B314 /* CardOneMainViewController.h */,
				3986DD4B191736490055B314 /* CardOneMainViewController.m */,
				3986DD4C191736490055B314 /* CardOneViewController.h */,
				3986DD4D191736490055B314 /* CardOneViewController.m */,
				3986DD4E191736490055B314 /* CardTwoMainViewController.h */,
				3986DD4F191736490055B314 /* CardTwoMainViewController.m */,
				3986DD50191736490055B314 /* CardTwoViewController.h */,
				3986DD51191736490055B314 /* CardTwoViewController.m */,
				3986DD52191736490055B314 /* CardWebViewController.h */,
				3986DD53191736490055B314 /* CardWebViewController.m */,
				3986DD54191736490055B314 /* MainViewController.h */,
				3986DD55191736490055B314 /* MainViewController.m */,
			);
			path = Controllers;
			sourceTree = "<group>";
		};
		3986DD56191736490055B314 /* Settings */ = {
			isa = PBXGroup;
			children = (
				3986DD57191736490055B314 /* Matches */,
				3986DD5A191736490055B314 /* Profile */,
			);
			path = Settings;
			sourceTree = "<group>";
		};
		3986DD57191736490055B314 /* Matches */ = {
			isa = PBXGroup;
			children = (
				3986DD58191736490055B314 /* MatchTableViewController.h */,
				3986DD59191736490055B314 /* MatchTableViewController.m */,
			);
			path = Matches;
			sourceTree = "<group>";
		};
		3986DD5A191736490055B314 /* Profile */ = {
			isa = PBXGroup;
			children = (
				3986DD5B191736490055B314 /* AddProfileViewController.h */,
				3986DD5C191736490055B314 /* AddProfileViewController.m */,
				3986DD5D191736490055B314 /* ProfileSelectorViewController.h */,
				3986DD5E191736490055B314 /* ProfileSelectorViewController.m */,
				3986DD5F191736490055B314 /* ProfilesTableController.h */,
				3986DD60191736490055B314 /* ProfilesTableController.m */,
			);
			path = Profile;
			sourceTree = "<group>";
		};
		399FF73F19189A0900FCB4F5 /* Common */ = {
			isa = PBXGroup;
			children = (
				399FF74019189A1D00FCB4F5 /* JobbieCommon.h */,
				399FF74119189A1D00FCB4F5 /* JobbieCommon.m */,
				399FF7491919E06C00FCB4F5 /* JobbieAlert.h */,
				399FF74A1919E06C00FCB4F5 /* JobbieAlert.m */,
			);
			name = Common;
			path = Jobbie/Common;
			sourceTree = "<group>";
		};
		39C42BC4183804BF000DFA1A = {
			isa = PBXGroup;
			children = (
				3986DCF11917363C0055B314 /* Jobbie */,
				39C42BF8183804BF000DFA1A /* JobbieTests */,
				39C42BCF183804BF000DFA1A /* Frameworks */,
				39C42BCE183804BF000DFA1A /* Products */,
				C5B81CFAE33D4E298A3C6E9F /* Pods.xcconfig */,
			);
			sourceTree = "<group>";
		};
		39C42BCE183804BF000DFA1A /* Products */ = {
			isa = PBXGroup;
			children = (
				39C42BCD183804BF000DFA1A /* Jobbie.app */,
				39C42BF1183804BF000DFA1A /* JobbieTests.xctest */,
			);
			name = Products;
			sourceTree = "<group>";
		};
		39C42BCF183804BF000DFA1A /* Frameworks */ = {
			isa = PBXGroup;
			children = (
				39C117501917426E006C876D /* libPods.a */,
				39C1174D19174101006C876D /* libPods.a */,
				398DAD9A19173F66004C9973 /* libPods.a */,
				39904C4218DE7A5300CE9C59 /* libPods-Canvas.a */,
				39904C4318DE7A5300CE9C59 /* libPods-Reachability.a */,
				39904C4018DE794200CE9C59 /* SystemConfiguration.framework */,
				393D58CB1871DF2A0035CBD4 /* CoreData.framework */,
				39C42BD0183804BF000DFA1A /* Foundation.framework */,
				39C42BD2183804BF000DFA1A /* CoreGraphics.framework */,
				39C42BD4183804BF000DFA1A /* UIKit.framework */,
				39C42BF2183804BF000DFA1A /* XCTest.framework */,
				217A62978DDB425FA96DC3A8 /* libPods.a */,
			);
			name = Frameworks;
			sourceTree = "<group>";
		};
		39C42BF8183804BF000DFA1A /* JobbieTests */ = {
			isa = PBXGroup;
			children = (
				39C42BFE183804BF000DFA1A /* JobbieTests.m */,
				39C42BF9183804BF000DFA1A /* Supporting Files */,
			);
			path = JobbieTests;
			sourceTree = "<group>";
		};
		39C42BF9183804BF000DFA1A /* Supporting Files */ = {
			isa = PBXGroup;
			children = (
				39C42BFA183804BF000DFA1A /* JobbieTests-Info.plist */,
				39C42BFB183804BF000DFA1A /* InfoPlist.strings */,
			);
			name = "Supporting Files";
			sourceTree = "<group>";
		};
/* End PBXGroup section */

/* Begin PBXNativeTarget section */
		39C42BCC183804BF000DFA1A /* Jobbie */ = {
			isa = PBXNativeTarget;
			buildConfigurationList = 39C42C02183804BF000DFA1A /* Build configuration list for PBXNativeTarget "Jobbie" */;
			buildPhases = (
				399110C575994443B68CB177 /* Check Pods Manifest.lock */,
				39C42BC9183804BF000DFA1A /* Sources */,
				39C42BCA183804BF000DFA1A /* Frameworks */,
				39C42BCB183804BF000DFA1A /* Resources */,
				39C10FD11845ADE3007A7982 /* ShellScript */,
				861E4EE52DE246008D7854BD /* Copy Pods Resources */,
			);
			buildRules = (
			);
			dependencies = (
			);
			name = Jobbie;
			productName = Jobbie;
			productReference = 39C42BCD183804BF000DFA1A /* Jobbie.app */;
			productType = "com.apple.product-type.application";
		};
		39C42BF0183804BF000DFA1A /* JobbieTests */ = {
			isa = PBXNativeTarget;
			buildConfigurationList = 39C42C05183804BF000DFA1A /* Build configuration list for PBXNativeTarget "JobbieTests" */;
			buildPhases = (
				39C42BED183804BF000DFA1A /* Sources */,
				39C42BEE183804BF000DFA1A /* Frameworks */,
				39C42BEF183804BF000DFA1A /* Resources */,
			);
			buildRules = (
			);
			dependencies = (
				39C42BF7183804BF000DFA1A /* PBXTargetDependency */,
			);
			name = JobbieTests;
			productName = JobbieTests;
			productReference = 39C42BF1183804BF000DFA1A /* JobbieTests.xctest */;
			productType = "com.apple.product-type.bundle.unit-test";
		};
/* End PBXNativeTarget section */

/* Begin PBXProject section */
		39C42BC5183804BF000DFA1A /* Project object */ = {
			isa = PBXProject;
			attributes = {
				LastUpgradeCheck = 0510;
				ORGANIZATIONNAME = Jobbie;
				TargetAttributes = {
					39C42BCC183804BF000DFA1A = {
						DevelopmentTeam = 3WRYG3RFA7;
					};
					39C42BF0183804BF000DFA1A = {
						TestTargetID = 39C42BCC183804BF000DFA1A;
					};
				};
			};
			buildConfigurationList = 39C42BC8183804BF000DFA1A /* Build configuration list for PBXProject "Jobbie" */;
			compatibilityVersion = "Xcode 3.2";
			developmentRegion = English;
			hasScannedForEncodings = 0;
			knownRegions = (
				en,
				Base,
			);
			mainGroup = 39C42BC4183804BF000DFA1A;
			productRefGroup = 39C42BCE183804BF000DFA1A /* Products */;
			projectDirPath = "";
			projectRoot = "";
			targets = (
				39C42BCC183804BF000DFA1A /* Jobbie */,
				39C42BF0183804BF000DFA1A /* JobbieTests */,
			);
		};
/* End PBXProject section */

/* Begin PBXResourcesBuildPhase section */
		39C42BCB183804BF000DFA1A /* Resources */ = {
			isa = PBXResourcesBuildPhase;
			buildActionMask = 2147483647;
			files = (
				398B570F1917465300676E49 /* main.m in Resources */,
				398B570E1917464A00676E49 /* Jobbie-Prefix.pch in Resources */,
				3986DD77191736490055B314 /* googleLogo.png in Resources */,
				3986DD7A191736490055B314 /* iconTransparent.png in Resources */,
				3986DD7F191736490055B314 /* shuffleIcon.png in Resources */,
				3986DD74191736490055B314 /* duomo.jpg in Resources */,
				3986DD66191736490055B314 /* OpenSans-Semibold.ttf in Resources */,
				3986DD6B191736490055B314 /* Quicksand-LightItalic.otf in Resources */,
				3986DD81191736490055B314 /* x_icon copy.png in Resources */,
				3986DD6D191736490055B314 /* Signika-Bold.otf in Resources */,
				3986DD65191736490055B314 /* OpenSans-Regular.ttf in Resources */,
				3986DD94191736490055B314 /* InfoPlist.strings in Resources */,
				3986DD84191736490055B314 /* Images.xcassets in Resources */,
				3986DD67191736490055B314 /* Quicksand-Bold.otf in Resources */,
				3986DD7B191736490055B314 /* infoButton.png in Resources */,
				3986DD6E191736490055B314 /* Signika-Light.otf in Resources */,
				3986DD76191736490055B314 /* googleLogo.jpg in Resources */,
				3986DD63191736490055B314 /* OpenSans-Italic.ttf in Resources */,
				3986DD6A191736490055B314 /* Quicksand-Light.otf in Resources */,
				3986DD71191736490055B314 /* 151539447_Facebook_no_profile_picture_icon_620x389.jpeg in Resources */,
				3986DD75191736490055B314 /* duomo.psd in Resources */,
				3986DD7D191736490055B314 /* Photo-Video-Stack-of-photos-icon.png in Resources */,
				3986DD7C191736490055B314 /* loginCheckMark.png in Resources */,
				3986DDA1191736A70055B314 /* Login.storyboard in Resources */,
				3986DD72191736490055B314 /* cog.png in Resources */,
				3986DD62191736490055B314 /* OpenSans-Bold.ttf in Resources */,
				3986DD86191736490055B314 /* CenterViewController.xib in Resources */,
				3986DD82191736490055B314 /* x_icon.png in Resources */,
				3986DD64191736490055B314 /* OpenSans-Light.ttf in Resources */,
				3986DD68191736490055B314 /* Quicksand-BoldItalic.otf in Resources */,
				3986DD83191736490055B314 /* xButton.png in Resources */,
				3986DD73191736490055B314 /* drawerButton.png in Resources */,
				3986DD78191736490055B314 /* heartButton.png in Resources */,
				3986DD61191736490055B314 /* Entypo.otf in Resources */,
				3986DD6C191736490055B314 /* Quicksand-Regular.otf in Resources */,
				3986DD80191736490055B314 /* thin-444_layers-512.png in Resources */,
				3986DD7E191736490055B314 /* ProfIcon.png in Resources */,
				399FF73E191749F400FCB4F5 /* Jobbie-Info.plist in Resources */,
				3986DD70191736490055B314 /* Signika-Semibold.otf in Resources */,
				3986DD6F191736490055B314 /* Signika-Regular.otf in Resources */,
				3986DD69191736490055B314 /* Quicksand-Italic.otf in Resources */,
				3986DD79191736490055B314 /* icon22.jpg in Resources */,
			);
			runOnlyForDeploymentPostprocessing = 0;
		};
		39C42BEF183804BF000DFA1A /* Resources */ = {
			isa = PBXResourcesBuildPhase;
			buildActionMask = 2147483647;
			files = (
				39C42BFD183804BF000DFA1A /* InfoPlist.strings in Resources */,
			);
			runOnlyForDeploymentPostprocessing = 0;
		};
/* End PBXResourcesBuildPhase section */

/* Begin PBXShellScriptBuildPhase section */
		399110C575994443B68CB177 /* Check Pods Manifest.lock */ = {
			isa = PBXShellScriptBuildPhase;
			buildActionMask = 2147483647;
			files = (
			);
			inputPaths = (
			);
			name = "Check Pods Manifest.lock";
			outputPaths = (
			);
			runOnlyForDeploymentPostprocessing = 0;
			shellPath = /bin/sh;
			shellScript = "diff \"${PODS_ROOT}/../Podfile.lock\" \"${PODS_ROOT}/Manifest.lock\" > /dev/null\nif [[ $? != 0 ]] ; then\n    cat << EOM\nerror: The sandbox is not in sync with the Podfile.lock. Run 'pod install' or update your CocoaPods installation.\nEOM\n    exit 1\nfi\n";
			showEnvVarsInLog = 0;
		};
		39C10FD11845ADE3007A7982 /* ShellScript */ = {
			isa = PBXShellScriptBuildPhase;
			buildActionMask = 2147483647;
			files = (
			);
			inputPaths = (
			);
			outputPaths = (
			);
			runOnlyForDeploymentPostprocessing = 0;
			shellPath = "/bin/bash -e";
			shellScript = "mdfind -onlyin \"${SRCROOT}\" \"kMDItemContentTypeTree == public.font\" -0 | sort -z | xargs -0 /usr/local/bin/moarfonts install";
		};
		861E4EE52DE246008D7854BD /* Copy Pods Resources */ = {
			isa = PBXShellScriptBuildPhase;
			buildActionMask = 2147483647;
			files = (
			);
			inputPaths = (
			);
			name = "Copy Pods Resources";
			outputPaths = (
			);
			runOnlyForDeploymentPostprocessing = 0;
			shellPath = /bin/sh;
			shellScript = "\"${SRCROOT}/Pods/Pods-resources.sh\"\n";
			showEnvVarsInLog = 0;
		};
/* End PBXShellScriptBuildPhase section */

/* Begin PBXSourcesBuildPhase section */
		39C42BC9183804BF000DFA1A /* Sources */ = {
			isa = PBXSourcesBuildPhase;
			buildActionMask = 2147483647;
			files = (
				399FF74819189D2A00FCB4F5 /* User.m in Sources */,
				399FF7391917491F00FCB4F5 /* AppDelegate.m in Sources */,
				3986DD96191736490055B314 /* CardOneMainViewController.m in Sources */,
				3986DD9A191736490055B314 /* CardWebViewController.m in Sources */,
				3986DD8C191736490055B314 /* main.m in Sources */,
				3986DD91191736490055B314 /* Messenger.m in Sources */,
				3986DD9D191736490055B314 /* AddProfileViewController.m in Sources */,
				3986DD95191736490055B314 /* LoginViewController.m in Sources */,
				3986DD9F191736490055B314 /* ProfilesTableController.m in Sources */,
				3986DD99191736490055B314 /* CardTwoViewController.m in Sources */,
				3986DD9B191736490055B314 /* MainViewController.m in Sources */,
				399FF74519189B9200FCB4F5 /* JobbieContext.m in Sources */,
				3986DD89191736490055B314 /* ProfileCellView.m in Sources */,
				3986DD9C191736490055B314 /* MatchTableViewController.m in Sources */,
				3986DD90191736490055B314 /* Model.m in Sources */,
				3986DD8A191736490055B314 /* ProfileTableView.m in Sources */,
				3986DD8F191736490055B314 /* JobLocation.m in Sources */,
				3986DD97191736490055B314 /* CardOneViewController.m in Sources */,
				3986DD87191736490055B314 /* ControllerMethods.m in Sources */,
				3986DD92191736490055B314 /* SearchProfile.m in Sources */,
				3986DD88191736490055B314 /* JobCell.m in Sources */,
				399FF74B1919E06C00FCB4F5 /* JobbieAlert.m in Sources */,
				3986DD98191736490055B314 /* CardTwoMainViewController.m in Sources */,
				399FF74219189A1D00FCB4F5 /* JobbieCommon.m in Sources */,
				3986DD8E191736490055B314 /* JobNode.m in Sources */,
				3986DD9E191736490055B314 /* ProfileSelectorViewController.m in Sources */,
			);
			runOnlyForDeploymentPostprocessing = 0;
		};
		39C42BED183804BF000DFA1A /* Sources */ = {
			isa = PBXSourcesBuildPhase;
			buildActionMask = 2147483647;
			files = (
				39C42BFF183804BF000DFA1A /* JobbieTests.m in Sources */,
			);
			runOnlyForDeploymentPostprocessing = 0;
		};
/* End PBXSourcesBuildPhase section */

/* Begin PBXTargetDependency section */
		39C42BF7183804BF000DFA1A /* PBXTargetDependency */ = {
			isa = PBXTargetDependency;
			target = 39C42BCC183804BF000DFA1A /* Jobbie */;
			targetProxy = 39C42BF6183804BF000DFA1A /* PBXContainerItemProxy */;
		};
/* End PBXTargetDependency section */

/* Begin PBXVariantGroup section */
		3986DD1A191736490055B314 /* Main_iPhone.storyboard */ = {
			isa = PBXVariantGroup;
			children = (
				3986DD1B191736490055B314 /* Base */,
			);
			name = Main_iPhone.storyboard;
			sourceTree = "<group>";
		};
		3986DD40191736490055B314 /* InfoPlist.strings */ = {
			isa = PBXVariantGroup;
			children = (
				3986DD41191736490055B314 /* en */,
			);
			name = InfoPlist.strings;
			sourceTree = "<group>";
		};
		39C42BFB183804BF000DFA1A /* InfoPlist.strings */ = {
			isa = PBXVariantGroup;
			children = (
				39C42BFC183804BF000DFA1A /* en */,
			);
			name = InfoPlist.strings;
			sourceTree = "<group>";
		};
/* End PBXVariantGroup section */

/* Begin XCBuildConfiguration section */
		39C42C00183804BF000DFA1A /* Debug */ = {
			isa = XCBuildConfiguration;
			buildSettings = {
				ALWAYS_SEARCH_USER_PATHS = NO;
				CLANG_CXX_LANGUAGE_STANDARD = "gnu++0x";
				CLANG_CXX_LIBRARY = "libc++";
				CLANG_ENABLE_MODULES = YES;
				CLANG_ENABLE_OBJC_ARC = YES;
				CLANG_WARN_BOOL_CONVERSION = YES;
				CLANG_WARN_CONSTANT_CONVERSION = YES;
				CLANG_WARN_DIRECT_OBJC_ISA_USAGE = YES_ERROR;
				CLANG_WARN_EMPTY_BODY = YES;
				CLANG_WARN_ENUM_CONVERSION = YES;
				CLANG_WARN_INT_CONVERSION = YES;
				CLANG_WARN_OBJC_ROOT_CLASS = YES_ERROR;
				CLANG_WARN__DUPLICATE_METHOD_MATCH = YES;
				"CODE_SIGN_IDENTITY[sdk=iphoneos*]" = "iPhone Developer";
				COPY_PHASE_STRIP = NO;
				GCC_C_LANGUAGE_STANDARD = gnu99;
				GCC_DYNAMIC_NO_PIC = NO;
				GCC_OPTIMIZATION_LEVEL = 0;
				GCC_PREPROCESSOR_DEFINITIONS = (
					"DEBUG=1",
					"$(inherited)",
				);
				GCC_SYMBOLS_PRIVATE_EXTERN = NO;
				GCC_WARN_64_TO_32_BIT_CONVERSION = YES;
				GCC_WARN_ABOUT_RETURN_TYPE = YES_ERROR;
				GCC_WARN_UNDECLARED_SELECTOR = YES;
				GCC_WARN_UNINITIALIZED_AUTOS = YES;
				GCC_WARN_UNUSED_FUNCTION = YES;
				GCC_WARN_UNUSED_VARIABLE = YES;
				IPHONEOS_DEPLOYMENT_TARGET = 7.0;
				ONLY_ACTIVE_ARCH = YES;
				SDKROOT = iphoneos;
				TARGETED_DEVICE_FAMILY = "1,2";
			};
			name = Debug;
		};
		39C42C01183804BF000DFA1A /* Release */ = {
			isa = XCBuildConfiguration;
			buildSettings = {
				ALWAYS_SEARCH_USER_PATHS = NO;
				CLANG_CXX_LANGUAGE_STANDARD = "gnu++0x";
				CLANG_CXX_LIBRARY = "libc++";
				CLANG_ENABLE_MODULES = YES;
				CLANG_ENABLE_OBJC_ARC = YES;
				CLANG_WARN_BOOL_CONVERSION = YES;
				CLANG_WARN_CONSTANT_CONVERSION = YES;
				CLANG_WARN_DIRECT_OBJC_ISA_USAGE = YES_ERROR;
				CLANG_WARN_EMPTY_BODY = YES;
				CLANG_WARN_ENUM_CONVERSION = YES;
				CLANG_WARN_INT_CONVERSION = YES;
				CLANG_WARN_OBJC_ROOT_CLASS = YES_ERROR;
				CLANG_WARN__DUPLICATE_METHOD_MATCH = YES;
				"CODE_SIGN_IDENTITY[sdk=iphoneos*]" = "iPhone Developer";
				COPY_PHASE_STRIP = YES;
				ENABLE_NS_ASSERTIONS = NO;
				GCC_C_LANGUAGE_STANDARD = gnu99;
				GCC_WARN_64_TO_32_BIT_CONVERSION = YES;
				GCC_WARN_ABOUT_RETURN_TYPE = YES_ERROR;
				GCC_WARN_UNDECLARED_SELECTOR = YES;
				GCC_WARN_UNINITIALIZED_AUTOS = YES;
				GCC_WARN_UNUSED_FUNCTION = YES;
				GCC_WARN_UNUSED_VARIABLE = YES;
				IPHONEOS_DEPLOYMENT_TARGET = 7.0;
				SDKROOT = iphoneos;
				TARGETED_DEVICE_FAMILY = "1,2";
				VALIDATE_PRODUCT = YES;
			};
			name = Release;
		};
		39C42C03183804BF000DFA1A /* Debug */ = {
			isa = XCBuildConfiguration;
			baseConfigurationReference = C5B81CFAE33D4E298A3C6E9F /* Pods.xcconfig */;
			buildSettings = {
				ASSETCATALOG_COMPILER_APPICON_NAME = AppIcon;
				ASSETCATALOG_COMPILER_LAUNCHIMAGE_NAME = LaunchImage;
				CODE_SIGN_IDENTITY = "iPhone Developer";
				GCC_PRECOMPILE_PREFIX_HEADER = YES;
				GCC_PREFIX_HEADER = "Jobbie/Config/Jobbie-Prefix.pch";
				INFOPLIST_FILE = "$(SRCROOT)/Jobbie/Config/Jobbie-Info.plist";
				LIBRARY_SEARCH_PATHS = (
					"$(inherited)",
					"$(PROJECT_DIR)/Pods/build/Debug-iphoneos",
				);
				PRODUCT_NAME = "$(TARGET_NAME)";
				TARGETED_DEVICE_FAMILY = 1;
				WRAPPER_EXTENSION = app;
			};
			name = Debug;
		};
		39C42C04183804BF000DFA1A /* Release */ = {
			isa = XCBuildConfiguration;
			baseConfigurationReference = C5B81CFAE33D4E298A3C6E9F /* Pods.xcconfig */;
			buildSettings = {
				ASSETCATALOG_COMPILER_APPICON_NAME = AppIcon;
				ASSETCATALOG_COMPILER_LAUNCHIMAGE_NAME = LaunchImage;
				CODE_SIGN_IDENTITY = "iPhone Developer";
				GCC_PRECOMPILE_PREFIX_HEADER = YES;
				GCC_PREFIX_HEADER = "Jobbie/Config/Jobbie-Prefix.pch";
				INFOPLIST_FILE = "$(SRCROOT)/Jobbie/Config/Jobbie-Info.plist";
				LIBRARY_SEARCH_PATHS = (
					"$(inherited)",
					"$(PROJECT_DIR)/Pods/build/Debug-iphoneos",
				);
				PRODUCT_NAME = "$(TARGET_NAME)";
				TARGETED_DEVICE_FAMILY = 1;
				WRAPPER_EXTENSION = app;
			};
			name = Release;
		};
		39C42C06183804BF000DFA1A /* Debug */ = {
			isa = XCBuildConfiguration;
			buildSettings = {
				BUNDLE_LOADER = "$(BUILT_PRODUCTS_DIR)/Jobbie.app/Jobbie";
				FRAMEWORK_SEARCH_PATHS = (
					"$(SDKROOT)/Developer/Library/Frameworks",
					"$(inherited)",
					"$(DEVELOPER_FRAMEWORKS_DIR)",
				);
				GCC_PRECOMPILE_PREFIX_HEADER = YES;
				GCC_PREFIX_HEADER = "Jobbie/Jobbie-Prefix.pch";
				GCC_PREPROCESSOR_DEFINITIONS = (
					"DEBUG=1",
					"$(inherited)",
				);
				INFOPLIST_FILE = "JobbieTests/JobbieTests-Info.plist";
				IPHONEOS_DEPLOYMENT_TARGET = 7.0;
				PRODUCT_NAME = "$(TARGET_NAME)";
				TEST_HOST = "$(BUNDLE_LOADER)";
				WRAPPER_EXTENSION = xctest;
			};
			name = Debug;
		};
		39C42C07183804BF000DFA1A /* Release */ = {
			isa = XCBuildConfiguration;
			buildSettings = {
				BUNDLE_LOADER = "$(BUILT_PRODUCTS_DIR)/Jobbie.app/Jobbie";
				FRAMEWORK_SEARCH_PATHS = (
					"$(SDKROOT)/Developer/Library/Frameworks",
					"$(inherited)",
					"$(DEVELOPER_FRAMEWORKS_DIR)",
				);
				GCC_PRECOMPILE_PREFIX_HEADER = YES;
				GCC_PREFIX_HEADER = "Jobbie/Jobbie-Prefix.pch";
				INFOPLIST_FILE = "JobbieTests/JobbieTests-Info.plist";
				IPHONEOS_DEPLOYMENT_TARGET = 7.0;
				PRODUCT_NAME = "$(TARGET_NAME)";
				TEST_HOST = "$(BUNDLE_LOADER)";
				WRAPPER_EXTENSION = xctest;
			};
			name = Release;
		};
/* End XCBuildConfiguration section */

/* Begin XCConfigurationList section */
		39C42BC8183804BF000DFA1A /* Build configuration list for PBXProject "Jobbie" */ = {
			isa = XCConfigurationList;
			buildConfigurations = (
				39C42C00183804BF000DFA1A /* Debug */,
				39C42C01183804BF000DFA1A /* Release */,
			);
			defaultConfigurationIsVisible = 0;
			defaultConfigurationName = Release;
		};
		39C42C02183804BF000DFA1A /* Build configuration list for PBXNativeTarget "Jobbie" */ = {
			isa = XCConfigurationList;
			buildConfigurations = (
				39C42C03183804BF000DFA1A /* Debug */,
				39C42C04183804BF000DFA1A /* Release */,
			);
			defaultConfigurationIsVisible = 0;
			defaultConfigurationName = Release;
		};
		39C42C05183804BF000DFA1A /* Build configuration list for PBXNativeTarget "JobbieTests" */ = {
			isa = XCConfigurationList;
			buildConfigurations = (
				39C42C06183804BF000DFA1A /* Debug */,
				39C42C07183804BF000DFA1A /* Release */,
			);
			defaultConfigurationIsVisible = 0;
			defaultConfigurationName = Release;
		};
/* End XCConfigurationList section */
	};
	rootObject = 39C42BC5183804BF000DFA1A /* Project object */;
}
